// !$*UTF8*$!
{
	archiveVersion = 1;
	classes = {
	};
	objectVersion = 55;
	objects = {

/* Begin PBXBuildFile section */
		3529205F2859D2D40066CBF1 /* worktimerApp.swift in Sources */ = {isa = PBXBuildFile; fileRef = 3529205E2859D2D40066CBF1 /* worktimerApp.swift */; };
		352920612859D2D40066CBF1 /* ContentView.swift in Sources */ = {isa = PBXBuildFile; fileRef = 352920602859D2D40066CBF1 /* ContentView.swift */; };
		352920632859D2D60066CBF1 /* Assets.xcassets in Resources */ = {isa = PBXBuildFile; fileRef = 352920622859D2D60066CBF1 /* Assets.xcassets */; };
		352920662859D2D60066CBF1 /* Preview Assets.xcassets in Resources */ = {isa = PBXBuildFile; fileRef = 352920652859D2D60066CBF1 /* Preview Assets.xcassets */; };
		352920702859D2D60066CBF1 /* worktimerTests.swift in Sources */ = {isa = PBXBuildFile; fileRef = 3529206F2859D2D60066CBF1 /* worktimerTests.swift */; };
		3529207A2859D2D60066CBF1 /* worktimerUITests.swift in Sources */ = {isa = PBXBuildFile; fileRef = 352920792859D2D60066CBF1 /* worktimerUITests.swift */; };
		3529207C2859D2D60066CBF1 /* worktimerUITestsLaunchTests.swift in Sources */ = {isa = PBXBuildFile; fileRef = 3529207B2859D2D60066CBF1 /* worktimerUITestsLaunchTests.swift */; };
/* End PBXBuildFile section */

/* Begin PBXContainerItemProxy section */
		3529206C2859D2D60066CBF1 /* PBXContainerItemProxy */ = {
			isa = PBXContainerItemProxy;
			containerPortal = 352920532859D2D40066CBF1 /* Project object */;
			proxyType = 1;
			remoteGlobalIDString = 3529205A2859D2D40066CBF1;
			remoteInfo = worktimer;
		};
		352920762859D2D60066CBF1 /* PBXContainerItemProxy */ = {
			isa = PBXContainerItemProxy;
			containerPortal = 352920532859D2D40066CBF1 /* Project object */;
			proxyType = 1;
			remoteGlobalIDString = 3529205A2859D2D40066CBF1;
			remoteInfo = worktimer;
		};
/* End PBXContainerItemProxy section */

/* Begin PBXFileReference section */
		3529205B2859D2D40066CBF1 /* worktimer.app */ = {isa = PBXFileReference; explicitFileType = wrapper.application; includeInIndex = 0; path = worktimer.app; sourceTree = BUILT_PRODUCTS_DIR; };
		3529205E2859D2D40066CBF1 /* worktimerApp.swift */ = {isa = PBXFileReference; lastKnownFileType = sourcecode.swift; path = worktimerApp.swift; sourceTree = "<group>"; };
		352920602859D2D40066CBF1 /* ContentView.swift */ = {isa = PBXFileReference; lastKnownFileType = sourcecode.swift; path = ContentView.swift; sourceTree = "<group>"; };
		352920622859D2D60066CBF1 /* Assets.xcassets */ = {isa = PBXFileReference; lastKnownFileType = folder.assetcatalog; path = Assets.xcassets; sourceTree = "<group>"; };
		352920652859D2D60066CBF1 /* Preview Assets.xcassets */ = {isa = PBXFileReference; lastKnownFileType = folder.assetcatalog; path = "Preview Assets.xcassets"; sourceTree = "<group>"; };
		3529206B2859D2D60066CBF1 /* worktimerTests.xctest */ = {isa = PBXFileReference; explicitFileType = wrapper.cfbundle; includeInIndex = 0; path = worktimerTests.xctest; sourceTree = BUILT_PRODUCTS_DIR; };
		3529206F2859D2D60066CBF1 /* worktimerTests.swift */ = {isa = PBXFileReference; lastKnownFileType = sourcecode.swift; path = worktimerTests.swift; sourceTree = "<group>"; };
		352920752859D2D60066CBF1 /* worktimerUITests.xctest */ = {isa = PBXFileReference; explicitFileType = wrapper.cfbundle; includeInIndex = 0; path = worktimerUITests.xctest; sourceTree = BUILT_PRODUCTS_DIR; };
		352920792859D2D60066CBF1 /* worktimerUITests.swift */ = {isa = PBXFileReference; lastKnownFileType = sourcecode.swift; path = worktimerUITests.swift; sourceTree = "<group>"; };
		3529207B2859D2D60066CBF1 /* worktimerUITestsLaunchTests.swift */ = {isa = PBXFileReference; lastKnownFileType = sourcecode.swift; path = worktimerUITestsLaunchTests.swift; sourceTree = "<group>"; };
/* End PBXFileReference section */

/* Begin PBXFrameworksBuildPhase section */
		352920582859D2D40066CBF1 /* Frameworks */ = {
			isa = PBXFrameworksBuildPhase;
			buildActionMask = 2147483647;
			files = (
			);
			runOnlyForDeploymentPostprocessing = 0;
		};
		352920682859D2D60066CBF1 /* Frameworks */ = {
			isa = PBXFrameworksBuildPhase;
			buildActionMask = 2147483647;
			files = (
			);
			runOnlyForDeploymentPostprocessing = 0;
		};
		352920722859D2D60066CBF1 /* Frameworks */ = {
			isa = PBXFrameworksBuildPhase;
			buildActionMask = 2147483647;
			files = (
			);
			runOnlyForDeploymentPostprocessing = 0;
		};
/* End PBXFrameworksBuildPhase section */

/* Begin PBXGroup section */
		352920522859D2D40066CBF1 = {
			isa = PBXGroup;
			children = (
				3529205D2859D2D40066CBF1 /* worktimer */,
				3529206E2859D2D60066CBF1 /* worktimerTests */,
				352920782859D2D60066CBF1 /* worktimerUITests */,
				3529205C2859D2D40066CBF1 /* Products */,
			);
			sourceTree = "<group>";
		};
		3529205C2859D2D40066CBF1 /* Products */ = {
			isa = PBXGroup;
			children = (
				3529205B2859D2D40066CBF1 /* worktimer.app */,
				3529206B2859D2D60066CBF1 /* worktimerTests.xctest */,
				352920752859D2D60066CBF1 /* worktimerUITests.xctest */,
			);
			name = Products;
			sourceTree = "<group>";
		};
		3529205D2859D2D40066CBF1 /* worktimer */ = {
			isa = PBXGroup;
			children = (
				3529205E2859D2D40066CBF1 /* worktimerApp.swift */,
				352920602859D2D40066CBF1 /* ContentView.swift */,
				352920622859D2D60066CBF1 /* Assets.xcassets */,
				352920642859D2D60066CBF1 /* Preview Content */,
			);
			path = worktimer;
			sourceTree = "<group>";
		};
		352920642859D2D60066CBF1 /* Preview Content */ = {
			isa = PBXGroup;
			children = (
				352920652859D2D60066CBF1 /* Preview Assets.xcassets */,
			);
			path = "Preview Content";
			sourceTree = "<group>";
		};
		3529206E2859D2D60066CBF1 /* worktimerTests */ = {
			isa = PBXGroup;
			children = (
				3529206F2859D2D60066CBF1 /* worktimerTests.swift */,
			);
			path = worktimerTests;
			sourceTree = "<group>";
		};
		352920782859D2D60066CBF1 /* worktimerUITests */ = {
			isa = PBXGroup;
			children = (
				352920792859D2D60066CBF1 /* worktimerUITests.swift */,
				3529207B2859D2D60066CBF1 /* worktimerUITestsLaunchTests.swift */,
			);
			path = worktimerUITests;
			sourceTree = "<group>";
		};
/* End PBXGroup section */

/* Begin PBXNativeTarget section */
		3529205A2859D2D40066CBF1 /* worktimer */ = {
			isa = PBXNativeTarget;
			buildConfigurationList = 3529207F2859D2D60066CBF1 /* Build configuration list for PBXNativeTarget "worktimer" */;
			buildPhases = (
				352920572859D2D40066CBF1 /* Sources */,
				352920582859D2D40066CBF1 /* Frameworks */,
				352920592859D2D40066CBF1 /* Resources */,
			);
			buildRules = (
			);
			dependencies = (
			);
			name = worktimer;
			productName = worktimer;
			productReference = 3529205B2859D2D40066CBF1 /* worktimer.app */;
			productType = "com.apple.product-type.application";
		};
		3529206A2859D2D60066CBF1 /* worktimerTests */ = {
			isa = PBXNativeTarget;
			buildConfigurationList = 352920822859D2D60066CBF1 /* Build configuration list for PBXNativeTarget "worktimerTests" */;
			buildPhases = (
				352920672859D2D60066CBF1 /* Sources */,
				352920682859D2D60066CBF1 /* Frameworks */,
				352920692859D2D60066CBF1 /* Resources */,
			);
			buildRules = (
			);
			dependencies = (
				3529206D2859D2D60066CBF1 /* PBXTargetDependency */,
			);
			name = worktimerTests;
			productName = worktimerTests;
			productReference = 3529206B2859D2D60066CBF1 /* worktimerTests.xctest */;
			productType = "com.apple.product-type.bundle.unit-test";
		};
		352920742859D2D60066CBF1 /* worktimerUITests */ = {
			isa = PBXNativeTarget;
			buildConfigurationList = 352920852859D2D60066CBF1 /* Build configuration list for PBXNativeTarget "worktimerUITests" */;
			buildPhases = (
				352920712859D2D60066CBF1 /* Sources */,
				352920722859D2D60066CBF1 /* Frameworks */,
				352920732859D2D60066CBF1 /* Resources */,
			);
			buildRules = (
			);
			dependencies = (
				352920772859D2D60066CBF1 /* PBXTargetDependency */,
			);
			name = worktimerUITests;
			productName = worktimerUITests;
			productReference = 352920752859D2D60066CBF1 /* worktimerUITests.xctest */;
			productType = "com.apple.product-type.bundle.ui-testing";
		};
/* End PBXNativeTarget section */

/* Begin PBXProject section */
		352920532859D2D40066CBF1 /* Project object */ = {
			isa = PBXProject;
			attributes = {
				BuildIndependentTargetsInParallel = 1;
				LastSwiftUpdateCheck = 1340;
				LastUpgradeCheck = 1340;
				TargetAttributes = {
					3529205A2859D2D40066CBF1 = {
						CreatedOnToolsVersion = 13.4.1;
					};
					3529206A2859D2D60066CBF1 = {
						CreatedOnToolsVersion = 13.4.1;
						TestTargetID = 3529205A2859D2D40066CBF1;
					};
					352920742859D2D60066CBF1 = {
						CreatedOnToolsVersion = 13.4.1;
						TestTargetID = 3529205A2859D2D40066CBF1;
					};
				};
			};
			buildConfigurationList = 352920562859D2D40066CBF1 /* Build configuration list for PBXProject "worktimer" */;
			compatibilityVersion = "Xcode 13.0";
			developmentRegion = en;
			hasScannedForEncodings = 0;
			knownRegions = (
				en,
				Base,
			);
			mainGroup = 352920522859D2D40066CBF1;
			productRefGroup = 3529205C2859D2D40066CBF1 /* Products */;
			projectDirPath = "";
			projectRoot = "";
			targets = (
				3529205A2859D2D40066CBF1 /* worktimer */,
				3529206A2859D2D60066CBF1 /* worktimerTests */,
				352920742859D2D60066CBF1 /* worktimerUITests */,
			);
		};
/* End PBXProject section */

/* Begin PBXResourcesBuildPhase section */
		352920592859D2D40066CBF1 /* Resources */ = {
			isa = PBXResourcesBuildPhase;
			buildActionMask = 2147483647;
			files = (
				352920662859D2D60066CBF1 /* Preview Assets.xcassets in Resources */,
				352920632859D2D60066CBF1 /* Assets.xcassets in Resources */,
			);
			runOnlyForDeploymentPostprocessing = 0;
		};
		352920692859D2D60066CBF1 /* Resources */ = {
			isa = PBXResourcesBuildPhase;
			buildActionMask = 2147483647;
			files = (
			);
			runOnlyForDeploymentPostprocessing = 0;
		};
		352920732859D2D60066CBF1 /* Resources */ = {
			isa = PBXResourcesBuildPhase;
			buildActionMask = 2147483647;
			files = (
			);
			runOnlyForDeploymentPostprocessing = 0;
		};
/* End PBXResourcesBuildPhase section */

/* Begin PBXSourcesBuildPhase section */
		352920572859D2D40066CBF1 /* Sources */ = {
			isa = PBXSourcesBuildPhase;
			buildActionMask = 2147483647;
			files = (
				352920612859D2D40066CBF1 /* ContentView.swift in Sources */,
				3529205F2859D2D40066CBF1 /* worktimerApp.swift in Sources */,
			);
			runOnlyForDeploymentPostprocessing = 0;
		};
		352920672859D2D60066CBF1 /* Sources */ = {
			isa = PBXSourcesBuildPhase;
			buildActionMask = 2147483647;
			files = (
				352920702859D2D60066CBF1 /* worktimerTests.swift in Sources */,
			);
			runOnlyForDeploymentPostprocessing = 0;
		};
		352920712859D2D60066CBF1 /* Sources */ = {
			isa = PBXSourcesBuildPhase;
			buildActionMask = 2147483647;
			files = (
				3529207A2859D2D60066CBF1 /* worktimerUITests.swift in Sources */,
				3529207C2859D2D60066CBF1 /* worktimerUITestsLaunchTests.swift in Sources */,
			);
			runOnlyForDeploymentPostprocessing = 0;
		};
/* End PBXSourcesBuildPhase section */

/* Begin PBXTargetDependency section */
		3529206D2859D2D60066CBF1 /* PBXTargetDependency */ = {
			isa = PBXTargetDependency;
			target = 3529205A2859D2D40066CBF1 /* worktimer */;
			targetProxy = 3529206C2859D2D60066CBF1 /* PBXContainerItemProxy */;
		};
		352920772859D2D60066CBF1 /* PBXTargetDependency */ = {
			isa = PBXTargetDependency;
			target = 3529205A2859D2D40066CBF1 /* worktimer */;
			targetProxy = 352920762859D2D60066CBF1 /* PBXContainerItemProxy */;
		};
/* End PBXTargetDependency section */

/* Begin XCBuildConfiguration section */
		3529207D2859D2D60066CBF1 /* Debug */ = {
			isa = XCBuildConfiguration;
			buildSettings = {
				ALWAYS_SEARCH_USER_PATHS = NO;
				CLANG_ANALYZER_NONNULL = YES;
				CLANG_ANALYZER_NUMBER_OBJECT_CONVERSION = YES_AGGRESSIVE;
				CLANG_CXX_LANGUAGE_STANDARD = "gnu++17";
				CLANG_ENABLE_MODULES = YES;
				CLANG_ENABLE_OBJC_ARC = YES;
				CLANG_ENABLE_OBJC_WEAK = YES;
				CLANG_WARN_BLOCK_CAPTURE_AUTORELEASING = YES;
				CLANG_WARN_BOOL_CONVERSION = YES;
				CLANG_WARN_COMMA = YES;
				CLANG_WARN_CONSTANT_CONVERSION = YES;
				CLANG_WARN_DEPRECATED_OBJC_IMPLEMENTATIONS = YES;
				CLANG_WARN_DIRECT_OBJC_ISA_USAGE = YES_ERROR;
				CLANG_WARN_DOCUMENTATION_COMMENTS = YES;
				CLANG_WARN_EMPTY_BODY = YES;
				CLANG_WARN_ENUM_CONVERSION = YES;
				CLANG_WARN_INFINITE_RECURSION = YES;
				CLANG_WARN_INT_CONVERSION = YES;
				CLANG_WARN_NON_LITERAL_NULL_CONVERSION = YES;
				CLANG_WARN_OBJC_IMPLICIT_RETAIN_SELF = YES;
				CLANG_WARN_OBJC_LITERAL_CONVERSION = YES;
				CLANG_WARN_OBJC_ROOT_CLASS = YES_ERROR;
				CLANG_WARN_QUOTED_INCLUDE_IN_FRAMEWORK_HEADER = YES;
				CLANG_WARN_RANGE_LOOP_ANALYSIS = YES;
				CLANG_WARN_STRICT_PROTOTYPES = YES;
				CLANG_WARN_SUSPICIOUS_MOVE = YES;
				CLANG_WARN_UNGUARDED_AVAILABILITY = YES_AGGRESSIVE;
				CLANG_WARN_UNREACHABLE_CODE = YES;
				CLANG_WARN__DUPLICATE_METHOD_MATCH = YES;
				COPY_PHASE_STRIP = NO;
				DEBUG_INFORMATION_FORMAT = dwarf;
				ENABLE_STRICT_OBJC_MSGSEND = YES;
				ENABLE_TESTABILITY = YES;
				GCC_C_LANGUAGE_STANDARD = gnu11;
				GCC_DYNAMIC_NO_PIC = NO;
				GCC_NO_COMMON_BLOCKS = YES;
				GCC_OPTIMIZATION_LEVEL = 0;
				GCC_PREPROCESSOR_DEFINITIONS = (
					"DEBUG=1",
					"$(inherited)",
				);
				GCC_WARN_64_TO_32_BIT_CONVERSION = YES;
				GCC_WARN_ABOUT_RETURN_TYPE = YES_ERROR;
				GCC_WARN_UNDECLARED_SELECTOR = YES;
				GCC_WARN_UNINITIALIZED_AUTOS = YES_AGGRESSIVE;
				GCC_WARN_UNUSED_FUNCTION = YES;
				GCC_WARN_UNUSED_VARIABLE = YES;
				IPHONEOS_DEPLOYMENT_TARGET = 15.5;
				MTL_ENABLE_DEBUG_INFO = INCLUDE_SOURCE;
				MTL_FAST_MATH = YES;
				ONLY_ACTIVE_ARCH = YES;
				SDKROOT = iphoneos;
				SWIFT_ACTIVE_COMPILATION_CONDITIONS = DEBUG;
				SWIFT_OPTIMIZATION_LEVEL = "-Onone";
			};
			name = Debug;
		};
		3529207E2859D2D60066CBF1 /* Release */ = {
			isa = XCBuildConfiguration;
			buildSettings = {
				ALWAYS_SEARCH_USER_PATHS = NO;
				CLANG_ANALYZER_NONNULL = YES;
				CLANG_ANALYZER_NUMBER_OBJECT_CONVERSION = YES_AGGRESSIVE;
				CLANG_CXX_LANGUAGE_STANDARD = "gnu++17";
				CLANG_ENABLE_MODULES = YES;
				CLANG_ENABLE_OBJC_ARC = YES;
				CLANG_ENABLE_OBJC_WEAK = YES;
				CLANG_WARN_BLOCK_CAPTURE_AUTORELEASING = YES;
				CLANG_WARN_BOOL_CONVERSION = YES;
				CLANG_WARN_COMMA = YES;
				CLANG_WARN_CONSTANT_CONVERSION = YES;
				CLANG_WARN_DEPRECATED_OBJC_IMPLEMENTATIONS = YES;
				CLANG_WARN_DIRECT_OBJC_ISA_USAGE = YES_ERROR;
				CLANG_WARN_DOCUMENTATION_COMMENTS = YES;
				CLANG_WARN_EMPTY_BODY = YES;
				CLANG_WARN_ENUM_CONVERSION = YES;
				CLANG_WARN_INFINITE_RECURSION = YES;
				CLANG_WARN_INT_CONVERSION = YES;
				CLANG_WARN_NON_LITERAL_NULL_CONVERSION = YES;
				CLANG_WARN_OBJC_IMPLICIT_RETAIN_SELF = YES;
				CLANG_WARN_OBJC_LITERAL_CONVERSION = YES;
				CLANG_WARN_OBJC_ROOT_CLASS = YES_ERROR;
				CLANG_WARN_QUOTED_INCLUDE_IN_FRAMEWORK_HEADER = YES;
				CLANG_WARN_RANGE_LOOP_ANALYSIS = YES;
				CLANG_WARN_STRICT_PROTOTYPES = YES;
				CLANG_WARN_SUSPICIOUS_MOVE = YES;
				CLANG_WARN_UNGUARDED_AVAILABILITY = YES_AGGRESSIVE;
				CLANG_WARN_UNREACHABLE_CODE = YES;
				CLANG_WARN__DUPLICATE_METHOD_MATCH = YES;
				COPY_PHASE_STRIP = NO;
				DEBUG_INFORMATION_FORMAT = "dwarf-with-dsym";
				ENABLE_NS_ASSERTIONS = NO;
				ENABLE_STRICT_OBJC_MSGSEND = YES;
				GCC_C_LANGUAGE_STANDARD = gnu11;
				GCC_NO_COMMON_BLOCKS = YES;
				GCC_WARN_64_TO_32_BIT_CONVERSION = YES;
				GCC_WARN_ABOUT_RETURN_TYPE = YES_ERROR;
				GCC_WARN_UNDECLARED_SELECTOR = YES;
				GCC_WARN_UNINITIALIZED_AUTOS = YES_AGGRESSIVE;
				GCC_WARN_UNUSED_FUNCTION = YES;
				GCC_WARN_UNUSED_VARIABLE = YES;
				IPHONEOS_DEPLOYMENT_TARGET = 15.5;
				MTL_ENABLE_DEBUG_INFO = NO;
				MTL_FAST_MATH = YES;
				SDKROOT = iphoneos;
				SWIFT_COMPILATION_MODE = wholemodule;
				SWIFT_OPTIMIZATION_LEVEL = "-O";
				VALIDATE_PRODUCT = YES;
			};
			name = Release;
		};
		352920802859D2D60066CBF1 /* Debug */ = {
			isa = XCBuildConfiguration;
			buildSettings = {
				ASSETCATALOG_COMPILER_APPICON_NAME = AppIcon;
				ASSETCATALOG_COMPILER_GLOBAL_ACCENT_COLOR_NAME = AccentColor;
				CODE_SIGN_STYLE = Automatic;
				CURRENT_PROJECT_VERSION = 1;
				DEVELOPMENT_ASSET_PATHS = "\"worktimer/Preview Content\"";
				DEVELOPMENT_TEAM = MCDB63R3AU;
				ENABLE_PREVIEWS = YES;
				GENERATE_INFOPLIST_FILE = YES;
				INFOPLIST_KEY_UIApplicationSceneManifest_Generation = YES;
				INFOPLIST_KEY_UIApplicationSupportsIndirectInputEvents = YES;
				INFOPLIST_KEY_UILaunchScreen_Generation = YES;
				INFOPLIST_KEY_UISupportedInterfaceOrientations_iPad = "UIInterfaceOrientationPortrait UIInterfaceOrientationPortraitUpsideDown UIInterfaceOrientationLandscapeLeft UIInterfaceOrientationLandscapeRight";
				INFOPLIST_KEY_UISupportedInterfaceOrientations_iPhone = "UIInterfaceOrientationPortrait UIInterfaceOrientationLandscapeLeft UIInterfaceOrientationLandscapeRight";
				LD_RUNPATH_SEARCH_PATHS = (
					"$(inherited)",
					"@executable_path/Frameworks",
				);
				MARKETING_VERSION = 1.0;
				PRODUCT_BUNDLE_IDENTIFIER = "ga-field.worktimer";
				PRODUCT_NAME = "$(TARGET_NAME)";
				SWIFT_EMIT_LOC_STRINGS = YES;
				SWIFT_VERSION = 5.0;
				TARGETED_DEVICE_FAMILY = "1,2";
			};
			name = Debug;
		};
		352920812859D2D60066CBF1 /* Release */ = {
			isa = XCBuildConfiguration;
			buildSettings = {
				ASSETCATALOG_COMPILER_APPICON_NAME = AppIcon;
				ASSETCATALOG_COMPILER_GLOBAL_ACCENT_COLOR_NAME = AccentColor;
				CODE_SIGN_STYLE = Automatic;
				CURRENT_PROJECT_VERSION = 1;
				DEVELOPMENT_ASSET_PATHS = "\"worktimer/Preview Content\"";
				DEVELOPMENT_TEAM = MCDB63R3AU;
				ENABLE_PREVIEWS = YES;
				GENERATE_INFOPLIST_FILE = YES;
				INFOPLIST_KEY_UIApplicationSceneManifest_Generation = YES;
				INFOPLIST_KEY_UIApplicationSupportsIndirectInputEvents = YES;
				INFOPLIST_KEY_UILaunchScreen_Generation = YES;
				INFOPLIST_KEY_UISupportedInterfaceOrientations_iPad = "UIInterfaceOrientationPortrait UIInterfaceOrientationPortraitUpsideDown UIInterfaceOrientationLandscapeLeft UIInterfaceOrientationLandscapeRight";
				INFOPLIST_KEY_UISupportedInterfaceOrientations_iPhone = "UIInterfaceOrientationPortrait UIInterfaceOrientationLandscapeLeft UIInterfaceOrientationLandscapeRight";
				LD_RUNPATH_SEARCH_PATHS = (
					"$(inherited)",
					"@executable_path/Frameworks",
				);
				MARKETING_VERSION = 1.0;
				PRODUCT_BUNDLE_IDENTIFIER = "ga-field.worktimer";
				PRODUCT_NAME = "$(TARGET_NAME)";
				SWIFT_EMIT_LOC_STRINGS = YES;
				SWIFT_VERSION = 5.0;
				TARGETED_DEVICE_FAMILY = "1,2";
			};
			name = Release;
		};
		352920832859D2D60066CBF1 /* Debug */ = {
			isa = XCBuildConfiguration;
			buildSettings = {
				ALWAYS_EMBED_SWIFT_STANDARD_LIBRARIES = YES;
				BUNDLE_LOADER = "$(TEST_HOST)";
				CODE_SIGN_STYLE = Automatic;
				CURRENT_PROJECT_VERSION = 1;
				DEVELOPMENT_TEAM = MCDB63R3AU;
				GENERATE_INFOPLIST_FILE = YES;
				IPHONEOS_DEPLOYMENT_TARGET = 15.5;
				MARKETING_VERSION = 1.0;
				PRODUCT_BUNDLE_IDENTIFIER = "ga-field.worktimerTests";
				PRODUCT_NAME = "$(TARGET_NAME)";
				SWIFT_EMIT_LOC_STRINGS = NO;
				SWIFT_VERSION = 5.0;
				TARGETED_DEVICE_FAMILY = "1,2";
				TEST_HOST = "$(BUILT_PRODUCTS_DIR)/worktimer.app/worktimer";
			};
			name = Debug;
		};
		352920842859D2D60066CBF1 /* Release */ = {
			isa = XCBuildConfiguration;
			buildSettings = {
				ALWAYS_EMBED_SWIFT_STANDARD_LIBRARIES = YES;
				BUNDLE_LOADER = "$(TEST_HOST)";
				CODE_SIGN_STYLE = Automatic;
				CURRENT_PROJECT_VERSION = 1;
				DEVELOPMENT_TEAM = MCDB63R3AU;
				GENERATE_INFOPLIST_FILE = YES;
				IPHONEOS_DEPLOYMENT_TARGET = 15.5;
				MARKETING_VERSION = 1.0;
				PRODUCT_BUNDLE_IDENTIFIER = "ga-field.worktimerTests";
				PRODUCT_NAME = "$(TARGET_NAME)";
				SWIFT_EMIT_LOC_STRINGS = NO;
				SWIFT_VERSION = 5.0;
				TARGETED_DEVICE_FAMILY = "1,2";
				TEST_HOST = "$(BUILT_PRODUCTS_DIR)/worktimer.app/worktimer";
			};
			name = Release;
		};
		352920862859D2D60066CBF1 /* Debug */ = {
			isa = XCBuildConfiguration;
			buildSettings = {
				ALWAYS_EMBED_SWIFT_STANDARD_LIBRARIES = YES;
				CODE_SIGN_STYLE = Automatic;
				CURRENT_PROJECT_VERSION = 1;
				DEVELOPMENT_TEAM = MCDB63R3AU;
				GENERATE_INFOPLIST_FILE = YES;
				MARKETING_VERSION = 1.0;
				PRODUCT_BUNDLE_IDENTIFIER = "ga-field.worktimerUITests";
				PRODUCT_NAME = "$(TARGET_NAME)";
				SWIFT_EMIT_LOC_STRINGS = NO;
				SWIFT_VERSION = 5.0;
				TARGETED_DEVICE_FAMILY = "1,2";
				TEST_TARGET_NAME = worktimer;
			};
			name = Debug;
		};
		352920872859D2D60066CBF1 /* Release */ = {
			isa = XCBuildConfiguration;
			buildSettings = {
				ALWAYS_EMBED_SWIFT_STANDARD_LIBRARIES = YES;
				CODE_SIGN_STYLE = Automatic;
				CURRENT_PROJECT_VERSION = 1;
				DEVELOPMENT_TEAM = MCDB63R3AU;
				GENERATE_INFOPLIST_FILE = YES;
				MARKETING_VERSION = 1.0;
				PRODUCT_BUNDLE_IDENTIFIER = "ga-field.worktimerUITests";
				PRODUCT_NAME = "$(TARGET_NAME)";
				SWIFT_EMIT_LOC_STRINGS = NO;
				SWIFT_VERSION = 5.0;
				TARGETED_DEVICE_FAMILY = "1,2";
				TEST_TARGET_NAME = worktimer;
			};
			name = Release;
		};
/* End XCBuildConfiguration section */

/* Begin XCConfigurationList section */
		352920562859D2D40066CBF1 /* Build configuration list for PBXProject "worktimer" */ = {
			isa = XCConfigurationList;
			buildConfigurations = (
				3529207D2859D2D60066CBF1 /* Debug */,
				3529207E2859D2D60066CBF1 /* Release */,
			);
			defaultConfigurationIsVisible = 0;
			defaultConfigurationName = Release;
		};
		3529207F2859D2D60066CBF1 /* Build configuration list for PBXNativeTarget "worktimer" */ = {
			isa = XCConfigurationList;
			buildConfigurations = (
				352920802859D2D60066CBF1 /* Debug */,
				352920812859D2D60066CBF1 /* Release */,
			);
			defaultConfigurationIsVisible = 0;
			defaultConfigurationName = Release;
		};
		352920822859D2D60066CBF1 /* Build configuration list for PBXNativeTarget "worktimerTests" */ = {
			isa = XCConfigurationList;
			buildConfigurations = (
				352920832859D2D60066CBF1 /* Debug */,
				352920842859D2D60066CBF1 /* Release */,
			);
			defaultConfigurationIsVisible = 0;
			defaultConfigurationName = Release;
		};
		352920852859D2D60066CBF1 /* Build configuration list for PBXNativeTarget "worktimerUITests" */ = {
			isa = XCConfigurationList;
			buildConfigurations = (
				352920862859D2D60066CBF1 /* Debug */,
				352920872859D2D60066CBF1 /* Release */,
			);
			defaultConfigurationIsVisible = 0;
			defaultConfigurationName = Release;
		};
/* End XCConfigurationList section */
	};
	rootObject = 352920532859D2D40066CBF1 /* Project object */;
}
